// !$*UTF8*$!
{
	archiveVersion = 1;
	classes = {
	};
	objectVersion = 46;
	objects = {

/* Begin PBXBuildFile section */
		B0FDA8B11CD3507000892B9F /* main.m in Sources */ = {isa = PBXBuildFile; fileRef = B0FDA8B01CD3507000892B9F /* main.m */; };
		B0FDA8B41CD3507000892B9F /* AppDelegate.m in Sources */ = {isa = PBXBuildFile; fileRef = B0FDA8B31CD3507000892B9F /* AppDelegate.m */; };
		B0FDA8B71CD3507000892B9F /* ViewController.m in Sources */ = {isa = PBXBuildFile; fileRef = B0FDA8B61CD3507000892B9F /* ViewController.m */; };
		B0FDA8BA1CD3507000892B9F /* Main.storyboard in Resources */ = {isa = PBXBuildFile; fileRef = B0FDA8B81CD3507000892B9F /* Main.storyboard */; };
		B0FDA8BC1CD3507000892B9F /* Assets.xcassets in Resources */ = {isa = PBXBuildFile; fileRef = B0FDA8BB1CD3507000892B9F /* Assets.xcassets */; };
		B0FDA8BF1CD3507000892B9F /* LaunchScreen.storyboard in Resources */ = {isa = PBXBuildFile; fileRef = B0FDA8BD1CD3507000892B9F /* LaunchScreen.storyboard */; };
		B0FDA8CA1CD3507100892B9F /* RCAlertObjectTests.m in Sources */ = {isa = PBXBuildFile; fileRef = B0FDA8C91CD3507100892B9F /* RCAlertObjectTests.m */; };
		B0FDA8D51CD3507100892B9F /* RCAlertObjectUITests.m in Sources */ = {isa = PBXBuildFile; fileRef = B0FDA8D41CD3507100892B9F /* RCAlertObjectUITests.m */; };
		B0FDA8E51CD3611100892B9F /* RCAlertObject.m in Sources */ = {isa = PBXBuildFile; fileRef = B0FDA8E41CD3611100892B9F /* RCAlertObject.m */; };
/* End PBXBuildFile section */

/* Begin PBXContainerItemProxy section */
		B0FDA8C61CD3507100892B9F /* PBXContainerItemProxy */ = {
			isa = PBXContainerItemProxy;
			containerPortal = B0FDA8A41CD3507000892B9F /* Project object */;
			proxyType = 1;
			remoteGlobalIDString = B0FDA8AB1CD3507000892B9F;
			remoteInfo = RCAlertObject;
		};
		B0FDA8D11CD3507100892B9F /* PBXContainerItemProxy */ = {
			isa = PBXContainerItemProxy;
			containerPortal = B0FDA8A41CD3507000892B9F /* Project object */;
			proxyType = 1;
			remoteGlobalIDString = B0FDA8AB1CD3507000892B9F;
			remoteInfo = RCAlertObject;
		};
/* End PBXContainerItemProxy section */

/* Begin PBXFileReference section */
		B0FDA8AC1CD3507000892B9F /* RCAlertObject.app */ = {isa = PBXFileReference; explicitFileType = wrapper.application; includeInIndex = 0; path = RCAlertObject.app; sourceTree = BUILT_PRODUCTS_DIR; };
		B0FDA8B01CD3507000892B9F /* main.m */ = {isa = PBXFileReference; lastKnownFileType = sourcecode.c.objc; path = main.m; sourceTree = "<group>"; };
		B0FDA8B21CD3507000892B9F /* AppDelegate.h */ = {isa = PBXFileReference; lastKnownFileType = sourcecode.c.h; path = AppDelegate.h; sourceTree = "<group>"; };
		B0FDA8B31CD3507000892B9F /* AppDelegate.m */ = {isa = PBXFileReference; lastKnownFileType = sourcecode.c.objc; path = AppDelegate.m; sourceTree = "<group>"; };
		B0FDA8B51CD3507000892B9F /* ViewController.h */ = {isa = PBXFileReference; lastKnownFileType = sourcecode.c.h; path = ViewController.h; sourceTree = "<group>"; };
		B0FDA8B61CD3507000892B9F /* ViewController.m */ = {isa = PBXFileReference; lastKnownFileType = sourcecode.c.objc; path = ViewController.m; sourceTree = "<group>"; };
		B0FDA8B91CD3507000892B9F /* Base */ = {isa = PBXFileReference; lastKnownFileType = file.storyboard; name = Base; path = Base.lproj/Main.storyboard; sourceTree = "<group>"; };
		B0FDA8BB1CD3507000892B9F /* Assets.xcassets */ = {isa = PBXFileReference; lastKnownFileType = folder.assetcatalog; path = Assets.xcassets; sourceTree = "<group>"; };
		B0FDA8BE1CD3507000892B9F /* Base */ = {isa = PBXFileReference; lastKnownFileType = file.storyboard; name = Base; path = Base.lproj/LaunchScreen.storyboard; sourceTree = "<group>"; };
		B0FDA8C01CD3507000892B9F /* Info.plist */ = {isa = PBXFileReference; lastKnownFileType = text.plist.xml; path = Info.plist; sourceTree = "<group>"; };
		B0FDA8C51CD3507100892B9F /* RCAlertObjectTests.xctest */ = {isa = PBXFileReference; explicitFileType = wrapper.cfbundle; includeInIndex = 0; path = RCAlertObjectTests.xctest; sourceTree = BUILT_PRODUCTS_DIR; };
		B0FDA8C91CD3507100892B9F /* RCAlertObjectTests.m */ = {isa = PBXFileReference; lastKnownFileType = sourcecode.c.objc; path = RCAlertObjectTests.m; sourceTree = "<group>"; };
		B0FDA8CB1CD3507100892B9F /* Info.plist */ = {isa = PBXFileReference; lastKnownFileType = text.plist.xml; path = Info.plist; sourceTree = "<group>"; };
		B0FDA8D01CD3507100892B9F /* RCAlertObjectUITests.xctest */ = {isa = PBXFileReference; explicitFileType = wrapper.cfbundle; includeInIndex = 0; path = RCAlertObjectUITests.xctest; sourceTree = BUILT_PRODUCTS_DIR; };
		B0FDA8D41CD3507100892B9F /* RCAlertObjectUITests.m */ = {isa = PBXFileReference; lastKnownFileType = sourcecode.c.objc; path = RCAlertObjectUITests.m; sourceTree = "<group>"; };
		B0FDA8D61CD3507100892B9F /* Info.plist */ = {isa = PBXFileReference; lastKnownFileType = text.plist.xml; path = Info.plist; sourceTree = "<group>"; };
		B0FDA8E31CD3611100892B9F /* RCAlertObject.h */ = {isa = PBXFileReference; fileEncoding = 4; lastKnownFileType = sourcecode.c.h; path = RCAlertObject.h; sourceTree = "<group>"; };
		B0FDA8E41CD3611100892B9F /* RCAlertObject.m */ = {isa = PBXFileReference; fileEncoding = 4; lastKnownFileType = sourcecode.c.objc; path = RCAlertObject.m; sourceTree = "<group>"; };
/* End PBXFileReference section */

/* Begin PBXFrameworksBuildPhase section */
		B0FDA8A91CD3507000892B9F /* Frameworks */ = {
			isa = PBXFrameworksBuildPhase;
			buildActionMask = 2147483647;
			files = (
			);
			runOnlyForDeploymentPostprocessing = 0;
		};
		B0FDA8C21CD3507100892B9F /* Frameworks */ = {
			isa = PBXFrameworksBuildPhase;
			buildActionMask = 2147483647;
			files = (
			);
			runOnlyForDeploymentPostprocessing = 0;
		};
		B0FDA8CD1CD3507100892B9F /* Frameworks */ = {
			isa = PBXFrameworksBuildPhase;
			buildActionMask = 2147483647;
			files = (
			);
			runOnlyForDeploymentPostprocessing = 0;
		};
/* End PBXFrameworksBuildPhase section */

/* Begin PBXGroup section */
		B0FDA8A31CD3507000892B9F = {
			isa = PBXGroup;
			children = (
				B0FDA8E21CD3611100892B9F /* RCAlertObject_Class */,
				B0FDA8AE1CD3507000892B9F /* RCAlertObject */,
				B0FDA8C81CD3507100892B9F /* RCAlertObjectTests */,
				B0FDA8D31CD3507100892B9F /* RCAlertObjectUITests */,
				B0FDA8AD1CD3507000892B9F /* Products */,
			);
			sourceTree = "<group>";
		};
		B0FDA8AD1CD3507000892B9F /* Products */ = {
			isa = PBXGroup;
			children = (
				B0FDA8AC1CD3507000892B9F /* RCAlertObject.app */,
				B0FDA8C51CD3507100892B9F /* RCAlertObjectTests.xctest */,
				B0FDA8D01CD3507100892B9F /* RCAlertObjectUITests.xctest */,
			);
			name = Products;
			sourceTree = "<group>";
		};
		B0FDA8AE1CD3507000892B9F /* RCAlertObject */ = {
			isa = PBXGroup;
			children = (
				B0FDA8B21CD3507000892B9F /* AppDelegate.h */,
				B0FDA8B31CD3507000892B9F /* AppDelegate.m */,
				B0FDA8B51CD3507000892B9F /* ViewController.h */,
				B0FDA8B61CD3507000892B9F /* ViewController.m */,
				B0FDA8B81CD3507000892B9F /* Main.storyboard */,
				B0FDA8BB1CD3507000892B9F /* Assets.xcassets */,
				B0FDA8BD1CD3507000892B9F /* LaunchScreen.storyboard */,
				B0FDA8C01CD3507000892B9F /* Info.plist */,
				B0FDA8AF1CD3507000892B9F /* Supporting Files */,
			);
			path = RCAlertObject;
			sourceTree = "<group>";
		};
		B0FDA8AF1CD3507000892B9F /* Supporting Files */ = {
			isa = PBXGroup;
			children = (
				B0FDA8B01CD3507000892B9F /* main.m */,
			);
			name = "Supporting Files";
			sourceTree = "<group>";
		};
		B0FDA8C81CD3507100892B9F /* RCAlertObjectTests */ = {
			isa = PBXGroup;
			children = (
				B0FDA8C91CD3507100892B9F /* RCAlertObjectTests.m */,
				B0FDA8CB1CD3507100892B9F /* Info.plist */,
			);
			path = RCAlertObjectTests;
			sourceTree = "<group>";
		};
		B0FDA8D31CD3507100892B9F /* RCAlertObjectUITests */ = {
			isa = PBXGroup;
			children = (
				B0FDA8D41CD3507100892B9F /* RCAlertObjectUITests.m */,
				B0FDA8D61CD3507100892B9F /* Info.plist */,
			);
			path = RCAlertObjectUITests;
			sourceTree = "<group>";
		};
		B0FDA8E21CD3611100892B9F /* RCAlertObject_Class */ = {
			isa = PBXGroup;
			children = (
				B0FDA8E31CD3611100892B9F /* RCAlertObject.h */,
				B0FDA8E41CD3611100892B9F /* RCAlertObject.m */,
			);
			path = RCAlertObject_Class;
			sourceTree = "<group>";
		};
/* End PBXGroup section */

/* Begin PBXNativeTarget section */
		B0FDA8AB1CD3507000892B9F /* RCAlertObject */ = {
			isa = PBXNativeTarget;
			buildConfigurationList = B0FDA8D91CD3507100892B9F /* Build configuration list for PBXNativeTarget "RCAlertObject" */;
			buildPhases = (
				B0FDA8A81CD3507000892B9F /* Sources */,
				B0FDA8A91CD3507000892B9F /* Frameworks */,
				B0FDA8AA1CD3507000892B9F /* Resources */,
			);
			buildRules = (
			);
			dependencies = (
			);
			name = RCAlertObject;
			productName = RCAlertObject;
			productReference = B0FDA8AC1CD3507000892B9F /* RCAlertObject.app */;
			productType = "com.apple.product-type.application";
		};
		B0FDA8C41CD3507100892B9F /* RCAlertObjectTests */ = {
			isa = PBXNativeTarget;
			buildConfigurationList = B0FDA8DC1CD3507100892B9F /* Build configuration list for PBXNativeTarget "RCAlertObjectTests" */;
			buildPhases = (
				B0FDA8C11CD3507100892B9F /* Sources */,
				B0FDA8C21CD3507100892B9F /* Frameworks */,
				B0FDA8C31CD3507100892B9F /* Resources */,
			);
			buildRules = (
			);
			dependencies = (
				B0FDA8C71CD3507100892B9F /* PBXTargetDependency */,
			);
			name = RCAlertObjectTests;
			productName = RCAlertObjectTests;
			productReference = B0FDA8C51CD3507100892B9F /* RCAlertObjectTests.xctest */;
			productType = "com.apple.product-type.bundle.unit-test";
		};
		B0FDA8CF1CD3507100892B9F /* RCAlertObjectUITests */ = {
			isa = PBXNativeTarget;
			buildConfigurationList = B0FDA8DF1CD3507100892B9F /* Build configuration list for PBXNativeTarget "RCAlertObjectUITests" */;
			buildPhases = (
				B0FDA8CC1CD3507100892B9F /* Sources */,
				B0FDA8CD1CD3507100892B9F /* Frameworks */,
				B0FDA8CE1CD3507100892B9F /* Resources */,
			);
			buildRules = (
			);
			dependencies = (
				B0FDA8D21CD3507100892B9F /* PBXTargetDependency */,
			);
			name = RCAlertObjectUITests;
			productName = RCAlertObjectUITests;
			productReference = B0FDA8D01CD3507100892B9F /* RCAlertObjectUITests.xctest */;
			productType = "com.apple.product-type.bundle.ui-testing";
		};
/* End PBXNativeTarget section */

/* Begin PBXProject section */
		B0FDA8A41CD3507000892B9F /* Project object */ = {
			isa = PBXProject;
			attributes = {
				LastUpgradeCheck = 0730;
				ORGANIZATIONNAME = "Roy CHANG";
				TargetAttributes = {
					B0FDA8AB1CD3507000892B9F = {
						CreatedOnToolsVersion = 7.3;
					};
					B0FDA8C41CD3507100892B9F = {
						CreatedOnToolsVersion = 7.3;
						TestTargetID = B0FDA8AB1CD3507000892B9F;
					};
					B0FDA8CF1CD3507100892B9F = {
						CreatedOnToolsVersion = 7.3;
						TestTargetID = B0FDA8AB1CD3507000892B9F;
					};
				};
			};
			buildConfigurationList = B0FDA8A71CD3507000892B9F /* Build configuration list for PBXProject "RCAlertObject" */;
			compatibilityVersion = "Xcode 3.2";
			developmentRegion = English;
			hasScannedForEncodings = 0;
			knownRegions = (
				en,
				Base,
			);
			mainGroup = B0FDA8A31CD3507000892B9F;
			productRefGroup = B0FDA8AD1CD3507000892B9F /* Products */;
			projectDirPath = "";
			projectRoot = "";
			targets = (
				B0FDA8AB1CD3507000892B9F /* RCAlertObject */,
				B0FDA8C41CD3507100892B9F /* RCAlertObjectTests */,
				B0FDA8CF1CD3507100892B9F /* RCAlertObjectUITests */,
			);
		};
/* End PBXProject section */

/* Begin PBXResourcesBuildPhase section */
		B0FDA8AA1CD3507000892B9F /* Resources */ = {
			isa = PBXResourcesBuildPhase;
			buildActionMask = 2147483647;
			files = (
				B0FDA8BF1CD3507000892B9F /* LaunchScreen.storyboard in Resources */,
				B0FDA8BC1CD3507000892B9F /* Assets.xcassets in Resources */,
				B0FDA8BA1CD3507000892B9F /* Main.storyboard in Resources */,
			);
			runOnlyForDeploymentPostprocessing = 0;
		};
		B0FDA8C31CD3507100892B9F /* Resources */ = {
			isa = PBXResourcesBuildPhase;
			buildActionMask = 2147483647;
			files = (
			);
			runOnlyForDeploymentPostprocessing = 0;
		};
		B0FDA8CE1CD3507100892B9F /* Resources */ = {
			isa = PBXResourcesBuildPhase;
			buildActionMask = 2147483647;
			files = (
			);
			runOnlyForDeploymentPostprocessing = 0;
		};
/* End PBXResourcesBuildPhase section */

/* Begin PBXSourcesBuildPhase section */
		B0FDA8A81CD3507000892B9F /* Sources */ = {
			isa = PBXSourcesBuildPhase;
			buildActionMask = 2147483647;
			files = (
				B0FDA8B71CD3507000892B9F /* ViewController.m in Sources */,
				B0FDA8B41CD3507000892B9F /* AppDelegate.m in Sources */,
				B0FDA8E51CD3611100892B9F /* RCAlertObject.m in Sources */,
				B0FDA8B11CD3507000892B9F /* main.m in Sources */,
			);
			runOnlyForDeploymentPostprocessing = 0;
		};
		B0FDA8C11CD3507100892B9F /* Sources */ = {
			isa = PBXSourcesBuildPhase;
			buildActionMask = 2147483647;
			files = (
				B0FDA8CA1CD3507100892B9F /* RCAlertObjectTests.m in Sources */,
			);
			runOnlyForDeploymentPostprocessing = 0;
		};
		B0FDA8CC1CD3507100892B9F /* Sources */ = {
			isa = PBXSourcesBuildPhase;
			buildActionMask = 2147483647;
			files = (
				B0FDA8D51CD3507100892B9F /* RCAlertObjectUITests.m in Sources */,
			);
			runOnlyForDeploymentPostprocessing = 0;
		};
/* End PBXSourcesBuildPhase section */

/* Begin PBXTargetDependency section */
		B0FDA8C71CD3507100892B9F /* PBXTargetDependency */ = {
			isa = PBXTargetDependency;
			target = B0FDA8AB1CD3507000892B9F /* RCAlertObject */;
			targetProxy = B0FDA8C61CD3507100892B9F /* PBXContainerItemProxy */;
		};
		B0FDA8D21CD3507100892B9F /* PBXTargetDependency */ = {
			isa = PBXTargetDependency;
			target = B0FDA8AB1CD3507000892B9F /* RCAlertObject */;
			targetProxy = B0FDA8D11CD3507100892B9F /* PBXContainerItemProxy */;
		};
/* End PBXTargetDependency section */

/* Begin PBXVariantGroup section */
		B0FDA8B81CD3507000892B9F /* Main.storyboard */ = {
			isa = PBXVariantGroup;
			children = (
				B0FDA8B91CD3507000892B9F /* Base */,
			);
			name = Main.storyboard;
			sourceTree = "<group>";
		};
		B0FDA8BD1CD3507000892B9F /* LaunchScreen.storyboard */ = {
			isa = PBXVariantGroup;
			children = (
				B0FDA8BE1CD3507000892B9F /* Base */,
			);
			name = LaunchScreen.storyboard;
			sourceTree = "<group>";
		};
/* End PBXVariantGroup section */

/* Begin XCBuildConfiguration section */
		B0FDA8D71CD3507100892B9F /* Debug */ = {
			isa = XCBuildConfiguration;
			buildSettings = {
				ALWAYS_SEARCH_USER_PATHS = NO;
				CLANG_ANALYZER_NONNULL = YES;
				CLANG_CXX_LANGUAGE_STANDARD = "gnu++0x";
				CLANG_CXX_LIBRARY = "libc++";
				CLANG_ENABLE_MODULES = YES;
				CLANG_ENABLE_OBJC_ARC = YES;
				CLANG_WARN_BOOL_CONVERSION = YES;
				CLANG_WARN_CONSTANT_CONVERSION = YES;
				CLANG_WARN_DIRECT_OBJC_ISA_USAGE = YES_ERROR;
				CLANG_WARN_EMPTY_BODY = YES;
				CLANG_WARN_ENUM_CONVERSION = YES;
				CLANG_WARN_INT_CONVERSION = YES;
				CLANG_WARN_OBJC_ROOT_CLASS = YES_ERROR;
				CLANG_WARN_UNREACHABLE_CODE = YES;
				CLANG_WARN__DUPLICATE_METHOD_MATCH = YES;
				"CODE_SIGN_IDENTITY[sdk=iphoneos*]" = "iPhone Developer";
				COPY_PHASE_STRIP = NO;
				DEBUG_INFORMATION_FORMAT = dwarf;
				ENABLE_STRICT_OBJC_MSGSEND = YES;
				ENABLE_TESTABILITY = YES;
				GCC_C_LANGUAGE_STANDARD = gnu99;
				GCC_DYNAMIC_NO_PIC = NO;
				GCC_NO_COMMON_BLOCKS = YES;
				GCC_OPTIMIZATION_LEVEL = 0;
				GCC_PREPROCESSOR_DEFINITIONS = (
					"DEBUG=1",
					"$(inherited)",
				);
				GCC_WARN_64_TO_32_BIT_CONVERSION = YES;
				GCC_WARN_ABOUT_RETURN_TYPE = YES_ERROR;
				GCC_WARN_UNDECLARED_SELECTOR = YES;
				GCC_WARN_UNINITIALIZED_AUTOS = YES_AGGRESSIVE;
				GCC_WARN_UNUSED_FUNCTION = YES;
				GCC_WARN_UNUSED_VARIABLE = YES;
				IPHONEOS_DEPLOYMENT_TARGET = 9.3;
				MTL_ENABLE_DEBUG_INFO = YES;
				ONLY_ACTIVE_ARCH = YES;
				SDKROOT = iphoneos;
			};
			name = Debug;
		};
		B0FDA8D81CD3507100892B9F /* Release */ = {
			isa = XCBuildConfiguration;
			buildSettings = {
				ALWAYS_SEARCH_USER_PATHS = NO;
				CLANG_ANALYZER_NONNULL = YES;
				CLANG_CXX_LANGUAGE_STANDARD = "gnu++0x";
				CLANG_CXX_LIBRARY = "libc++";
				CLANG_ENABLE_MODULES = YES;
				CLANG_ENABLE_OBJC_ARC = YES;
				CLANG_WARN_BOOL_CONVERSION = YES;
				CLANG_WARN_CONSTANT_CONVERSION = YES;
				CLANG_WARN_DIRECT_OBJC_ISA_USAGE = YES_ERROR;
				CLANG_WARN_EMPTY_BODY = YES;
				CLANG_WARN_ENUM_CONVERSION = YES;
				CLANG_WARN_INT_CONVERSION = YES;
				CLANG_WARN_OBJC_ROOT_CLASS = YES_ERROR;
				CLANG_WARN_UNREACHABLE_CODE = YES;
				CLANG_WARN__DUPLICATE_METHOD_MATCH = YES;
				"CODE_SIGN_IDENTITY[sdk=iphoneos*]" = "iPhone Developer";
				COPY_PHASE_STRIP = NO;
				DEBUG_INFORMATION_FORMAT = "dwarf-with-dsym";
				ENABLE_NS_ASSERTIONS = NO;
				ENABLE_STRICT_OBJC_MSGSEND = YES;
				GCC_C_LANGUAGE_STANDARD = gnu99;
				GCC_NO_COMMON_BLOCKS = YES;
				GCC_WARN_64_TO_32_BIT_CONVERSION = YES;
				GCC_WARN_ABOUT_RETURN_TYPE = YES_ERROR;
				GCC_WARN_UNDECLARED_SELECTOR = YES;
				GCC_WARN_UNINITIALIZED_AUTOS = YES_AGGRESSIVE;
				GCC_WARN_UNUSED_FUNCTION = YES;
				GCC_WARN_UNUSED_VARIABLE = YES;
				IPHONEOS_DEPLOYMENT_TARGET = 9.3;
				MTL_ENABLE_DEBUG_INFO = NO;
				SDKROOT = iphoneos;
				VALIDATE_PRODUCT = YES;
			};
			name = Release;
		};
		B0FDA8DA1CD3507100892B9F /* Debug */ = {
			isa = XCBuildConfiguration;
			buildSettings = {
				ASSETCATALOG_COMPILER_APPICON_NAME = AppIcon;
				INFOPLIST_FILE = RCAlertObject/Info.plist;
				IPHONEOS_DEPLOYMENT_TARGET = 7.0;
				LD_RUNPATH_SEARCH_PATHS = "$(inherited) @executable_path/Frameworks";
				PRODUCT_BUNDLE_IDENTIFIER = com.RoyChang.RCAlertObject;
				PRODUCT_NAME = "$(TARGET_NAME)";
			};
			name = Debug;
		};
		B0FDA8DB1CD3507100892B9F /* Release */ = {
			isa = XCBuildConfiguration;
			buildSettings = {
				ASSETCATALOG_COMPILER_APPICON_NAME = AppIcon;
				INFOPLIST_FILE = RCAlertObject/Info.plist;
				IPHONEOS_DEPLOYMENT_TARGET = 7.0;
				LD_RUNPATH_SEARCH_PATHS = "$(inherited) @executable_path/Frameworks";
				PRODUCT_BUNDLE_IDENTIFIER = com.RoyChang.RCAlertObject;
				PRODUCT_NAME = "$(TARGET_NAME)";
			};
			name = Release;
		};
		B0FDA8DD1CD3507100892B9F /* Debug */ = {
			isa = XCBuildConfiguration;
			buildSettings = {
				BUNDLE_LOADER = "$(TEST_HOST)";
				INFOPLIST_FILE = RCAlertObjectTests/Info.plist;
				LD_RUNPATH_SEARCH_PATHS = "$(inherited) @executable_path/Frameworks @loader_path/Frameworks";
				PRODUCT_BUNDLE_IDENTIFIER = com.RoyChang.RCAlertObjectTests;
				PRODUCT_NAME = "$(TARGET_NAME)";
				TEST_HOST = "$(BUILT_PRODUCTS_DIR)/RCAlertObject.app/RCAlertObject";
			};
			name = Debug;
		};
		B0FDA8DE1CD3507100892B9F /* Release */ = {
			isa = XCBuildConfiguration;
			buildSettings = {
				BUNDLE_LOADER = "$(TEST_HOST)";
				INFOPLIST_FILE = RCAlertObjectTests/Info.plist;
				LD_RUNPATH_SEARCH_PATHS = "$(inherited) @executable_path/Frameworks @loader_path/Frameworks";
				PRODUCT_BUNDLE_IDENTIFIER = com.RoyChang.RCAlertObjectTests;
				PRODUCT_NAME = "$(TARGET_NAME)";
				TEST_HOST = "$(BUILT_PRODUCTS_DIR)/RCAlertObject.app/RCAlertObject";
			};
			name = Release;
		};
		B0FDA8E01CD3507100892B9F /* Debug */ = {
			isa = XCBuildConfiguration;
			buildSettings = {
				INFOPLIST_FILE = RCAlertObjectUITests/Info.plist;
				LD_RUNPATH_SEARCH_PATHS = "$(inherited) @executable_path/Frameworks @loader_path/Frameworks";
				PRODUCT_BUNDLE_IDENTIFIER = com.RoyChang.RCAlertObjectUITests;
				PRODUCT_NAME = "$(TARGET_NAME)";
				TEST_TARGET_NAME = RCAlertObject;
			};
			name = Debug;
		};
		B0FDA8E11CD3507100892B9F /* Release */ = {
			isa = XCBuildConfiguration;
			buildSettings = {
				INFOPLIST_FILE = RCAlertObjectUITests/Info.plist;
				LD_RUNPATH_SEARCH_PATHS = "$(inherited) @executable_path/Frameworks @loader_path/Frameworks";
				PRODUCT_BUNDLE_IDENTIFIER = com.RoyChang.RCAlertObjectUITests;
				PRODUCT_NAME = "$(TARGET_NAME)";
				TEST_TARGET_NAME = RCAlertObject;
			};
			name = Release;
		};
/* End XCBuildConfiguration section */

/* Begin XCConfigurationList section */
		B0FDA8A71CD3507000892B9F /* Build configuration list for PBXProject "RCAlertObject" */ = {
			isa = XCConfigurationList;
			buildConfigurations = (
				B0FDA8D71CD3507100892B9F /* Debug */,
				B0FDA8D81CD3507100892B9F /* Release */,
			);
			defaultConfigurationIsVisible = 0;
			defaultConfigurationName = Release;
		};
		B0FDA8D91CD3507100892B9F /* Build configuration list for PBXNativeTarget "RCAlertObject" */ = {
			isa = XCConfigurationList;
			buildConfigurations = (
				B0FDA8DA1CD3507100892B9F /* Debug */,
				B0FDA8DB1CD3507100892B9F /* Release */,
			);
			defaultConfigurationIsVisible = 0;
		};
		B0FDA8DC1CD3507100892B9F /* Build configuration list for PBXNativeTarget "RCAlertObjectTests" */ = {
			isa = XCConfigurationList;
			buildConfigurations = (
				B0FDA8DD1CD3507100892B9F /* Debug */,
				B0FDA8DE1CD3507100892B9F /* Release */,
			);
			defaultConfigurationIsVisible = 0;
		};
		B0FDA8DF1CD3507100892B9F /* Build configuration list for PBXNativeTarget "RCAlertObjectUITests" */ = {
			isa = XCConfigurationList;
			buildConfigurations = (
				B0FDA8E01CD3507100892B9F /* Debug */,
				B0FDA8E11CD3507100892B9F /* Release */,
			);
			defaultConfigurationIsVisible = 0;
		};
/* End XCConfigurationList section */
	};
	rootObject = B0FDA8A41CD3507000892B9F /* Project object */;
}
